// !$*UTF8*$!
{
	archiveVersion = 1;
	classes = {
	};
	objectVersion = 56;
	objects = {

/* Begin PBXBuildFile section */
		A08F38FA29D0C9AD003D9F4A /* Post.swift in Sources */ = {isa = PBXBuildFile; fileRef = A08F38F929D0C9AD003D9F4A /* Post.swift */; };
		A08F38FD29D0CBE7003D9F4A /* DateFormatter + Extensions.swift in Sources */ = {isa = PBXBuildFile; fileRef = A08F38FC29D0CBE7003D9F4A /* DateFormatter + Extensions.swift */; };
		A0AA105629CE526C0024C2BC /* FeedTableViewCell.swift in Sources */ = {isa = PBXBuildFile; fileRef = A0AA105529CE526C0024C2BC /* FeedTableViewCell.swift */; };
		A0AA105829CE54A60024C2BC /* PostViewController.swift in Sources */ = {isa = PBXBuildFile; fileRef = A0AA105729CE54A60024C2BC /* PostViewController.swift */; };
		A0AA106229CE57DF0024C2BC /* ParseSwift in Frameworks */ = {isa = PBXBuildFile; productRef = A0AA106129CE57DF0024C2BC /* ParseSwift */; };
		A0AA106529CE58760024C2BC /* AlamofireImage in Frameworks */ = {isa = PBXBuildFile; productRef = A0AA106429CE58760024C2BC /* AlamofireImage */; };
		A0AA106829CE60120024C2BC /* Users.swift in Sources */ = {isa = PBXBuildFile; fileRef = A0AA106729CE60120024C2BC /* Users.swift */; };
		A0D87A3C29CE39C1005515E3 /* AppDelegate.swift in Sources */ = {isa = PBXBuildFile; fileRef = A0D87A3B29CE39C1005515E3 /* AppDelegate.swift */; };
		A0D87A3E29CE39C1005515E3 /* SceneDelegate.swift in Sources */ = {isa = PBXBuildFile; fileRef = A0D87A3D29CE39C1005515E3 /* SceneDelegate.swift */; };
		A0D87A4029CE39C1005515E3 /* LoginViewController.swift in Sources */ = {isa = PBXBuildFile; fileRef = A0D87A3F29CE39C1005515E3 /* LoginViewController.swift */; };
		A0D87A4329CE39C1005515E3 /* Main.storyboard in Resources */ = {isa = PBXBuildFile; fileRef = A0D87A4129CE39C1005515E3 /* Main.storyboard */; };
		A0D87A4529CE39C2005515E3 /* Assets.xcassets in Resources */ = {isa = PBXBuildFile; fileRef = A0D87A4429CE39C2005515E3 /* Assets.xcassets */; };
		A0D87A4829CE39C2005515E3 /* LaunchScreen.storyboard in Resources */ = {isa = PBXBuildFile; fileRef = A0D87A4629CE39C2005515E3 /* LaunchScreen.storyboard */; };
		A0D87A5029CE3EE1005515E3 /* SignUpViewController.swift in Sources */ = {isa = PBXBuildFile; fileRef = A0D87A4F29CE3EE1005515E3 /* SignUpViewController.swift */; };
		A0D87A5229CE41DE005515E3 /* FeedViewController.swift in Sources */ = {isa = PBXBuildFile; fileRef = A0D87A5129CE41DE005515E3 /* FeedViewController.swift */; };
/* End PBXBuildFile section */

/* Begin PBXFileReference section */
		A08F38F929D0C9AD003D9F4A /* Post.swift */ = {isa = PBXFileReference; lastKnownFileType = sourcecode.swift; path = Post.swift; sourceTree = "<group>"; };
		A08F38FC29D0CBE7003D9F4A /* DateFormatter + Extensions.swift */ = {isa = PBXFileReference; lastKnownFileType = sourcecode.swift; path = "DateFormatter + Extensions.swift"; sourceTree = "<group>"; };
		A0AA105529CE526C0024C2BC /* FeedTableViewCell.swift */ = {isa = PBXFileReference; lastKnownFileType = sourcecode.swift; path = FeedTableViewCell.swift; sourceTree = "<group>"; };
		A0AA105729CE54A60024C2BC /* PostViewController.swift */ = {isa = PBXFileReference; lastKnownFileType = sourcecode.swift; path = PostViewController.swift; sourceTree = "<group>"; };
		A0AA106729CE60120024C2BC /* Users.swift */ = {isa = PBXFileReference; lastKnownFileType = sourcecode.swift; path = Users.swift; sourceTree = "<group>"; };
		A0D87A3829CE39C1005515E3 /* Project5.app */ = {isa = PBXFileReference; explicitFileType = wrapper.application; includeInIndex = 0; path = Project5.app; sourceTree = BUILT_PRODUCTS_DIR; };
		A0D87A3B29CE39C1005515E3 /* AppDelegate.swift */ = {isa = PBXFileReference; lastKnownFileType = sourcecode.swift; path = AppDelegate.swift; sourceTree = "<group>"; };
		A0D87A3D29CE39C1005515E3 /* SceneDelegate.swift */ = {isa = PBXFileReference; lastKnownFileType = sourcecode.swift; path = SceneDelegate.swift; sourceTree = "<group>"; };
		A0D87A3F29CE39C1005515E3 /* LoginViewController.swift */ = {isa = PBXFileReference; lastKnownFileType = sourcecode.swift; path = LoginViewController.swift; sourceTree = "<group>"; };
		A0D87A4229CE39C1005515E3 /* Base */ = {isa = PBXFileReference; lastKnownFileType = file.storyboard; name = Base; path = Base.lproj/Main.storyboard; sourceTree = "<group>"; };
		A0D87A4429CE39C2005515E3 /* Assets.xcassets */ = {isa = PBXFileReference; lastKnownFileType = folder.assetcatalog; path = Assets.xcassets; sourceTree = "<group>"; };
		A0D87A4729CE39C2005515E3 /* Base */ = {isa = PBXFileReference; lastKnownFileType = file.storyboard; name = Base; path = Base.lproj/LaunchScreen.storyboard; sourceTree = "<group>"; };
		A0D87A4929CE39C2005515E3 /* Info.plist */ = {isa = PBXFileReference; lastKnownFileType = text.plist.xml; path = Info.plist; sourceTree = "<group>"; };
		A0D87A4F29CE3EE1005515E3 /* SignUpViewController.swift */ = {isa = PBXFileReference; lastKnownFileType = sourcecode.swift; path = SignUpViewController.swift; sourceTree = "<group>"; };
		A0D87A5129CE41DE005515E3 /* FeedViewController.swift */ = {isa = PBXFileReference; lastKnownFileType = sourcecode.swift; path = FeedViewController.swift; sourceTree = "<group>"; };
/* End PBXFileReference section */

/* Begin PBXFrameworksBuildPhase section */
		A0D87A3529CE39C1005515E3 /* Frameworks */ = {
			isa = PBXFrameworksBuildPhase;
			buildActionMask = 2147483647;
			files = (
				A0AA106229CE57DF0024C2BC /* ParseSwift in Frameworks */,
				A0AA106529CE58760024C2BC /* AlamofireImage in Frameworks */,
			);
			runOnlyForDeploymentPostprocessing = 0;
		};
/* End PBXFrameworksBuildPhase section */

/* Begin PBXGroup section */
		A08F38FB29D0CBD7003D9F4A /* Extensions */ = {
			isa = PBXGroup;
			children = (
				A08F38FC29D0CBE7003D9F4A /* DateFormatter + Extensions.swift */,
			);
			path = Extensions;
			sourceTree = "<group>";
		};
		A0AA105929CE54D20024C2BC /* Feed */ = {
			isa = PBXGroup;
			children = (
				A0D87A5129CE41DE005515E3 /* FeedViewController.swift */,
				A0AA105529CE526C0024C2BC /* FeedTableViewCell.swift */,
			);
			path = Feed;
			sourceTree = "<group>";
		};
		A0AA105A29CE54EB0024C2BC /* Post */ = {
			isa = PBXGroup;
			children = (
				A0AA105729CE54A60024C2BC /* PostViewController.swift */,
			);
			path = Post;
			sourceTree = "<group>";
		};
		A0AA105B29CE55030024C2BC /* Login */ = {
			isa = PBXGroup;
			children = (
				A0D87A3F29CE39C1005515E3 /* LoginViewController.swift */,
				A0D87A4F29CE3EE1005515E3 /* SignUpViewController.swift */,
			);
			path = Login;
			sourceTree = "<group>";
		};
		A0AA106629CE5FDA0024C2BC /* Models */ = {
			isa = PBXGroup;
			children = (
				A0AA106729CE60120024C2BC /* Users.swift */,
				A08F38F929D0C9AD003D9F4A /* Post.swift */,
			);
			path = Models;
			sourceTree = "<group>";
		};
		A0D87A2F29CE39C1005515E3 = {
			isa = PBXGroup;
			children = (
				A0D87A3A29CE39C1005515E3 /* Project5 */,
				A0D87A3929CE39C1005515E3 /* Products */,
			);
			sourceTree = "<group>";
		};
		A0D87A3929CE39C1005515E3 /* Products */ = {
			isa = PBXGroup;
			children = (
				A0D87A3829CE39C1005515E3 /* Project5.app */,
			);
			name = Products;
			sourceTree = "<group>";
		};
		A0D87A3A29CE39C1005515E3 /* Project5 */ = {
			isa = PBXGroup;
			children = (
				A08F38FB29D0CBD7003D9F4A /* Extensions */,
				A0AA106629CE5FDA0024C2BC /* Models */,
				A0D87A3B29CE39C1005515E3 /* AppDelegate.swift */,
				A0D87A3D29CE39C1005515E3 /* SceneDelegate.swift */,
				A0D87A4129CE39C1005515E3 /* Main.storyboard */,
				A0D87A4629CE39C2005515E3 /* LaunchScreen.storyboard */,
				A0D87A4429CE39C2005515E3 /* Assets.xcassets */,
				A0D87A4929CE39C2005515E3 /* Info.plist */,
				A0AA105B29CE55030024C2BC /* Login */,
				A0AA105929CE54D20024C2BC /* Feed */,
				A0AA105A29CE54EB0024C2BC /* Post */,
			);
			path = Project5;
			sourceTree = "<group>";
		};
/* End PBXGroup section */

/* Begin PBXNativeTarget section */
		A0D87A3729CE39C1005515E3 /* Project5 */ = {
			isa = PBXNativeTarget;
			buildConfigurationList = A0D87A4C29CE39C2005515E3 /* Build configuration list for PBXNativeTarget "Project5" */;
			buildPhases = (
				A0D87A3429CE39C1005515E3 /* Sources */,
				A0D87A3529CE39C1005515E3 /* Frameworks */,
				A0D87A3629CE39C1005515E3 /* Resources */,
			);
			buildRules = (
			);
			dependencies = (
			);
			name = Project5;
			packageProductDependencies = (
				A0AA106129CE57DF0024C2BC /* ParseSwift */,
				A0AA106429CE58760024C2BC /* AlamofireImage */,
			);
			productName = Project5;
			productReference = A0D87A3829CE39C1005515E3 /* Project5.app */;
			productType = "com.apple.product-type.application";
		};
/* End PBXNativeTarget section */

/* Begin PBXProject section */
		A0D87A3029CE39C1005515E3 /* Project object */ = {
			isa = PBXProject;
			attributes = {
				BuildIndependentTargetsInParallel = 1;
				LastSwiftUpdateCheck = 1420;
				LastUpgradeCheck = 1420;
				TargetAttributes = {
					A0D87A3729CE39C1005515E3 = {
						CreatedOnToolsVersion = 14.2;
					};
				};
			};
			buildConfigurationList = A0D87A3329CE39C1005515E3 /* Build configuration list for PBXProject "Project5" */;
			compatibilityVersion = "Xcode 14.0";
			developmentRegion = en;
			hasScannedForEncodings = 0;
			knownRegions = (
				en,
				Base,
			);
			mainGroup = A0D87A2F29CE39C1005515E3;
			packageReferences = (
				A0AA106029CE57DF0024C2BC /* XCRemoteSwiftPackageReference "Parse-Swift" */,
				A0AA106329CE58760024C2BC /* XCRemoteSwiftPackageReference "AlamofireImage" */,
			);
			productRefGroup = A0D87A3929CE39C1005515E3 /* Products */;
			projectDirPath = "";
			projectRoot = "";
			targets = (
				A0D87A3729CE39C1005515E3 /* Project5 */,
			);
		};
/* End PBXProject section */

/* Begin PBXResourcesBuildPhase section */
		A0D87A3629CE39C1005515E3 /* Resources */ = {
			isa = PBXResourcesBuildPhase;
			buildActionMask = 2147483647;
			files = (
				A0D87A4829CE39C2005515E3 /* LaunchScreen.storyboard in Resources */,
				A0D87A4529CE39C2005515E3 /* Assets.xcassets in Resources */,
				A0D87A4329CE39C1005515E3 /* Main.storyboard in Resources */,
			);
			runOnlyForDeploymentPostprocessing = 0;
		};
/* End PBXResourcesBuildPhase section */

/* Begin PBXSourcesBuildPhase section */
		A0D87A3429CE39C1005515E3 /* Sources */ = {
			isa = PBXSourcesBuildPhase;
			buildActionMask = 2147483647;
			files = (
				A0AA106829CE60120024C2BC /* Users.swift in Sources */,
				A0D87A4029CE39C1005515E3 /* LoginViewController.swift in Sources */,
				A0AA105629CE526C0024C2BC /* FeedTableViewCell.swift in Sources */,
				A0AA105829CE54A60024C2BC /* PostViewController.swift in Sources */,
				A0D87A3C29CE39C1005515E3 /* AppDelegate.swift in Sources */,
				A0D87A5229CE41DE005515E3 /* FeedViewController.swift in Sources */,
				A08F38FA29D0C9AD003D9F4A /* Post.swift in Sources */,
				A0D87A5029CE3EE1005515E3 /* SignUpViewController.swift in Sources */,
				A08F38FD29D0CBE7003D9F4A /* DateFormatter + Extensions.swift in Sources */,
				A0D87A3E29CE39C1005515E3 /* SceneDelegate.swift in Sources */,
			);
			runOnlyForDeploymentPostprocessing = 0;
		};
/* End PBXSourcesBuildPhase section */

/* Begin PBXVariantGroup section */
		A0D87A4129CE39C1005515E3 /* Main.storyboard */ = {
			isa = PBXVariantGroup;
			children = (
				A0D87A4229CE39C1005515E3 /* Base */,
			);
			name = Main.storyboard;
			sourceTree = "<group>";
		};
		A0D87A4629CE39C2005515E3 /* LaunchScreen.storyboard */ = {
			isa = PBXVariantGroup;
			children = (
				A0D87A4729CE39C2005515E3 /* Base */,
			);
			name = LaunchScreen.storyboard;
			sourceTree = "<group>";
		};
/* End PBXVariantGroup section */

/* Begin XCBuildConfiguration section */
		A0D87A4A29CE39C2005515E3 /* Debug */ = {
			isa = XCBuildConfiguration;
			buildSettings = {
				ALWAYS_SEARCH_USER_PATHS = NO;
				CLANG_ANALYZER_NONNULL = YES;
				CLANG_ANALYZER_NUMBER_OBJECT_CONVERSION = YES_AGGRESSIVE;
				CLANG_CXX_LANGUAGE_STANDARD = "gnu++20";
				CLANG_ENABLE_MODULES = YES;
				CLANG_ENABLE_OBJC_ARC = YES;
				CLANG_ENABLE_OBJC_WEAK = YES;
				CLANG_WARN_BLOCK_CAPTURE_AUTORELEASING = YES;
				CLANG_WARN_BOOL_CONVERSION = YES;
				CLANG_WARN_COMMA = YES;
				CLANG_WARN_CONSTANT_CONVERSION = YES;
				CLANG_WARN_DEPRECATED_OBJC_IMPLEMENTATIONS = YES;
				CLANG_WARN_DIRECT_OBJC_ISA_USAGE = YES_ERROR;
				CLANG_WARN_DOCUMENTATION_COMMENTS = YES;
				CLANG_WARN_EMPTY_BODY = YES;
				CLANG_WARN_ENUM_CONVERSION = YES;
				CLANG_WARN_INFINITE_RECURSION = YES;
				CLANG_WARN_INT_CONVERSION = YES;
				CLANG_WARN_NON_LITERAL_NULL_CONVERSION = YES;
				CLANG_WARN_OBJC_IMPLICIT_RETAIN_SELF = YES;
				CLANG_WARN_OBJC_LITERAL_CONVERSION = YES;
				CLANG_WARN_OBJC_ROOT_CLASS = YES_ERROR;
				CLANG_WARN_QUOTED_INCLUDE_IN_FRAMEWORK_HEADER = YES;
				CLANG_WARN_RANGE_LOOP_ANALYSIS = YES;
				CLANG_WARN_STRICT_PROTOTYPES = YES;
				CLANG_WARN_SUSPICIOUS_MOVE = YES;
				CLANG_WARN_UNGUARDED_AVAILABILITY = YES_AGGRESSIVE;
				CLANG_WARN_UNREACHABLE_CODE = YES;
				CLANG_WARN__DUPLICATE_METHOD_MATCH = YES;
				COPY_PHASE_STRIP = NO;
				DEBUG_INFORMATION_FORMAT = dwarf;
				ENABLE_STRICT_OBJC_MSGSEND = YES;
				ENABLE_TESTABILITY = YES;
				GCC_C_LANGUAGE_STANDARD = gnu11;
				GCC_DYNAMIC_NO_PIC = NO;
				GCC_NO_COMMON_BLOCKS = YES;
				GCC_OPTIMIZATION_LEVEL = 0;
				GCC_PREPROCESSOR_DEFINITIONS = (
					"DEBUG=1",
					"$(inherited)",
				);
				GCC_WARN_64_TO_32_BIT_CONVERSION = YES;
				GCC_WARN_ABOUT_RETURN_TYPE = YES_ERROR;
				GCC_WARN_UNDECLARED_SELECTOR = YES;
				GCC_WARN_UNINITIALIZED_AUTOS = YES_AGGRESSIVE;
				GCC_WARN_UNUSED_FUNCTION = YES;
				GCC_WARN_UNUSED_VARIABLE = YES;
				IPHONEOS_DEPLOYMENT_TARGET = 16.2;
				MTL_ENABLE_DEBUG_INFO = INCLUDE_SOURCE;
				MTL_FAST_MATH = YES;
				ONLY_ACTIVE_ARCH = YES;
				SDKROOT = iphoneos;
				SWIFT_ACTIVE_COMPILATION_CONDITIONS = DEBUG;
				SWIFT_OPTIMIZATION_LEVEL = "-Onone";
			};
			name = Debug;
		};
		A0D87A4B29CE39C2005515E3 /* Release */ = {
			isa = XCBuildConfiguration;
			buildSettings = {
				ALWAYS_SEARCH_USER_PATHS = NO;
				CLANG_ANALYZER_NONNULL = YES;
				CLANG_ANALYZER_NUMBER_OBJECT_CONVERSION = YES_AGGRESSIVE;
				CLANG_CXX_LANGUAGE_STANDARD = "gnu++20";
				CLANG_ENABLE_MODULES = YES;
				CLANG_ENABLE_OBJC_ARC = YES;
				CLANG_ENABLE_OBJC_WEAK = YES;
				CLANG_WARN_BLOCK_CAPTURE_AUTORELEASING = YES;
				CLANG_WARN_BOOL_CONVERSION = YES;
				CLANG_WARN_COMMA = YES;
				CLANG_WARN_CONSTANT_CONVERSION = YES;
				CLANG_WARN_DEPRECATED_OBJC_IMPLEMENTATIONS = YES;
				CLANG_WARN_DIRECT_OBJC_ISA_USAGE = YES_ERROR;
				CLANG_WARN_DOCUMENTATION_COMMENTS = YES;
				CLANG_WARN_EMPTY_BODY = YES;
				CLANG_WARN_ENUM_CONVERSION = YES;
				CLANG_WARN_INFINITE_RECURSION = YES;
				CLANG_WARN_INT_CONVERSION = YES;
				CLANG_WARN_NON_LITERAL_NULL_CONVERSION = YES;
				CLANG_WARN_OBJC_IMPLICIT_RETAIN_SELF = YES;
				CLANG_WARN_OBJC_LITERAL_CONVERSION = YES;
				CLANG_WARN_OBJC_ROOT_CLASS = YES_ERROR;
				CLANG_WARN_QUOTED_INCLUDE_IN_FRAMEWORK_HEADER = YES;
				CLANG_WARN_RANGE_LOOP_ANALYSIS = YES;
				CLANG_WARN_STRICT_PROTOTYPES = YES;
				CLANG_WARN_SUSPICIOUS_MOVE = YES;
				CLANG_WARN_UNGUARDED_AVAILABILITY = YES_AGGRESSIVE;
				CLANG_WARN_UNREACHABLE_CODE = YES;
				CLANG_WARN__DUPLICATE_METHOD_MATCH = YES;
				COPY_PHASE_STRIP = NO;
				DEBUG_INFORMATION_FORMAT = "dwarf-with-dsym";
				ENABLE_NS_ASSERTIONS = NO;
				ENABLE_STRICT_OBJC_MSGSEND = YES;
				GCC_C_LANGUAGE_STANDARD = gnu11;
				GCC_NO_COMMON_BLOCKS = YES;
				GCC_WARN_64_TO_32_BIT_CONVERSION = YES;
				GCC_WARN_ABOUT_RETURN_TYPE = YES_ERROR;
				GCC_WARN_UNDECLARED_SELECTOR = YES;
				GCC_WARN_UNINITIALIZED_AUTOS = YES_AGGRESSIVE;
				GCC_WARN_UNUSED_FUNCTION = YES;
				GCC_WARN_UNUSED_VARIABLE = YES;
				IPHONEOS_DEPLOYMENT_TARGET = 16.2;
				MTL_ENABLE_DEBUG_INFO = NO;
				MTL_FAST_MATH = YES;
				SDKROOT = iphoneos;
				SWIFT_COMPILATION_MODE = wholemodule;
				SWIFT_OPTIMIZATION_LEVEL = "-O";
				VALIDATE_PRODUCT = YES;
			};
			name = Release;
		};
		A0D87A4D29CE39C2005515E3 /* Debug */ = {
			isa = XCBuildConfiguration;
			buildSettings = {
				ASSETCATALOG_COMPILER_APPICON_NAME = AppIcon;
				ASSETCATALOG_COMPILER_GLOBAL_ACCENT_COLOR_NAME = AccentColor;
				CODE_SIGN_STYLE = Automatic;
				CURRENT_PROJECT_VERSION = 1;
				DEVELOPMENT_TEAM = CGLRWCURN8;
				GENERATE_INFOPLIST_FILE = YES;
				INFOPLIST_FILE = Project5/Info.plist;
				INFOPLIST_KEY_UIApplicationSupportsIndirectInputEvents = YES;
				INFOPLIST_KEY_UILaunchStoryboardName = LaunchScreen;
				INFOPLIST_KEY_UIMainStoryboardFile = Main;
				INFOPLIST_KEY_UISupportedInterfaceOrientations_iPad = "UIInterfaceOrientationPortrait UIInterfaceOrientationPortraitUpsideDown UIInterfaceOrientationLandscapeLeft UIInterfaceOrientationLandscapeRight";
				INFOPLIST_KEY_UISupportedInterfaceOrientations_iPhone = "UIInterfaceOrientationPortrait UIInterfaceOrientationLandscapeLeft UIInterfaceOrientationLandscapeRight";
				LD_RUNPATH_SEARCH_PATHS = (
					"$(inherited)",
					"@executable_path/Frameworks",
				);
				MARKETING_VERSION = 1.0;
				PRODUCT_BUNDLE_IDENTIFIER = ahmedTameem.Project5;
				PRODUCT_NAME = "$(TARGET_NAME)";
				SWIFT_EMIT_LOC_STRINGS = YES;
				SWIFT_VERSION = 5.0;
				TARGETED_DEVICE_FAMILY = "1,2";
			};
			name = Debug;
		};
		A0D87A4E29CE39C2005515E3 /* Release */ = {
			isa = XCBuildConfiguration;
			buildSettings = {
				ASSETCATALOG_COMPILER_APPICON_NAME = AppIcon;
				ASSETCATALOG_COMPILER_GLOBAL_ACCENT_COLOR_NAME = AccentColor;
				CODE_SIGN_STYLE = Automatic;
				CURRENT_PROJECT_VERSION = 1;
				DEVELOPMENT_TEAM = CGLRWCURN8;
				GENERATE_INFOPLIST_FILE = YES;
				INFOPLIST_FILE = Project5/Info.plist;
				INFOPLIST_KEY_UIApplicationSupportsIndirectInputEvents = YES;
				INFOPLIST_KEY_UILaunchStoryboardName = LaunchScreen;
				INFOPLIST_KEY_UIMainStoryboardFile = Main;
				INFOPLIST_KEY_UISupportedInterfaceOrientations_iPad = "UIInterfaceOrientationPortrait UIInterfaceOrientationPortraitUpsideDown UIInterfaceOrientationLandscapeLeft UIInterfaceOrientationLandscapeRight";
				INFOPLIST_KEY_UISupportedInterfaceOrientations_iPhone = "UIInterfaceOrientationPortrait UIInterfaceOrientationLandscapeLeft UIInterfaceOrientationLandscapeRight";
				LD_RUNPATH_SEARCH_PATHS = (
					"$(inherited)",
					"@executable_path/Frameworks",
				);
				MARKETING_VERSION = 1.0;
				PRODUCT_BUNDLE_IDENTIFIER = ahmedTameem.Project5;
				PRODUCT_NAME = "$(TARGET_NAME)";
				SWIFT_EMIT_LOC_STRINGS = YES;
				SWIFT_VERSION = 5.0;
				TARGETED_DEVICE_FAMILY = "1,2";
			};
			name = Release;
		};
/* End XCBuildConfiguration section */

/* Begin XCConfigurationList section */
		A0D87A3329CE39C1005515E3 /* Build configuration list for PBXProject "Project5" */ = {
			isa = XCConfigurationList;
			buildConfigurations = (
				A0D87A4A29CE39C2005515E3 /* Debug */,
				A0D87A4B29CE39C2005515E3 /* Release */,
			);
			defaultConfigurationIsVisible = 0;
			defaultConfigurationName = Release;
		};
		A0D87A4C29CE39C2005515E3 /* Build configuration list for PBXNativeTarget "Project5" */ = {
			isa = XCConfigurationList;
			buildConfigurations = (
				A0D87A4D29CE39C2005515E3 /* Debug */,
				A0D87A4E29CE39C2005515E3 /* Release */,
			);
			defaultConfigurationIsVisible = 0;
			defaultConfigurationName = Release;
		};
/* End XCConfigurationList section */

/* Begin XCRemoteSwiftPackageReference section */
		A0AA106029CE57DF0024C2BC /* XCRemoteSwiftPackageReference "Parse-Swift" */ = {
			isa = XCRemoteSwiftPackageReference;
			repositoryURL = "https://github.com/parse-community/Parse-Swift";
			requirement = {
				kind = upToNextMajorVersion;
				minimumVersion = 4.0.0;
			};
		};
		A0AA106329CE58760024C2BC /* XCRemoteSwiftPackageReference "AlamofireImage" */ = {
			isa = XCRemoteSwiftPackageReference;
			repositoryURL = "https://github.com/Alamofire/AlamofireImage";
			requirement = {
				kind = upToNextMajorVersion;
				minimumVersion = 4.0.0;
			};
		};
/* End XCRemoteSwiftPackageReference section */

/* Begin XCSwiftPackageProductDependency section */
		A0AA106129CE57DF0024C2BC /* ParseSwift */ = {
			isa = XCSwiftPackageProductDependency;
			package = A0AA106029CE57DF0024C2BC /* XCRemoteSwiftPackageReference "Parse-Swift" */;
			productName = ParseSwift;
		};
		A0AA106429CE58760024C2BC /* AlamofireImage */ = {
			isa = XCSwiftPackageProductDependency;
			package = A0AA106329CE58760024C2BC /* XCRemoteSwiftPackageReference "AlamofireImage" */;
			productName = AlamofireImage;
		};
/* End XCSwiftPackageProductDependency section */
	};
	rootObject = A0D87A3029CE39C1005515E3 /* Project object */;
}
